
Microsoft Visual Studio Solution File, Format Version 12.00
# Visual Studio 15
VisualStudioVersion = 15.0.28307.757
MinimumVisualStudioVersion = 10.0.40219.1
Project("{FAE04EC0-301F-11D3-BF4B-00C04F79EFBC}") = "ThisAndBaseDifference", "ThisAndBaseDifference\ThisAndBaseDifference.csproj", "{D44AD0AF-7897-47D9-9B50-F83F3A58F74E}"
EndProject
Global
	GlobalSection(SolutionConfigurationPlatforms) = preSolution
		Debug|Any CPU = Debug|Any CPU
		Release|Any CPU = Release|Any CPU
	EndGlobalSection
	GlobalSection(ProjectConfigurationPlatforms) = postSolution
		{D44AD0AF-7897-47D9-9B50-F83F3A58F74E}.Debug|Any CPU.ActiveCfg = Debug|Any CPU
		{D44AD0AF-7897-47D9-9B50-F83F3A58F74E}.Debug|Any CPU.Build.0 = Debug|Any CPU
		{D44AD0AF-7897-47D9-9B50-F83F3A58F74E}.Release|Any CPU.ActiveCfg = Release|Any CPU
		{D44AD0AF-7897-47D9-9B50-F83F3A58F74E}.Release|Any CPU.Build.0 = Release|Any CPU
	EndGlobalSection
	GlobalSection(SolutionProperties) = preSolution
		HideSolutionNode = FALSE
	EndGlobalSection
	GlobalSection(ExtensibilityGlobals) = postSolution
		SolutionGuid = {CC521712-E652-497E-9CED-BFC0E66D4515}
	EndGlobalSection
EndGlobal
